
Microsoft Visual Studio Solution File, Format Version 12.00
# Visual Studio Version 16
VisualStudioVersion = 16.0.31112.23
MinimumVisualStudioVersion = 10.0.40219.1
Project("{8BC9CEB8-8B4A-11D0-8D11-00A0C91BC942}") = "ConsoleApplication1", "ConsoleApplication1\ConsoleApplication1.vcxproj", "{2908B549-3D64-49E5-8040-7C7BE6E9765E}"
EndProject
Global
	GlobalSection(SolutionConfigurationPlatforms) = preSolution
		Debug|x64 = Debug|x64
		Debug|x86 = Debug|x86
		Release|x64 = Release|x64
		Release|x86 = Release|x86
	EndGlobalSection
	GlobalSection(ProjectConfigurationPlatforms) = postSolution
		{2908B549-3D64-49E5-8040-7C7BE6E9765E}.Debug|x64.ActiveCfg = Debug|x64
		{2908B549-3D64-49E5-8040-7C7BE6E9765E}.Debug|x64.Build.0 = Debug|x64
		{2908B549-3D64-49E5-8040-7C7BE6E9765E}.Debug|x86.ActiveCfg = Debug|Win32
		{2908B549-3D64-49E5-8040-7C7BE6E9765E}.Debug|x86.Build.0 = Debug|Win32
		{2908B549-3D64-49E5-8040-7C7BE6E9765E}.Release|x64.ActiveCfg = Release|x64
		{2908B549-3D64-49E5-8040-7C7BE6E9765E}.Release|x64.Build.0 = Release|x64
		{2908B549-3D64-49E5-8040-7C7BE6E9765E}.Release|x86.ActiveCfg = Release|Win32
		{2908B549-3D64-49E5-8040-7C7BE6E9765E}.Release|x86.Build.0 = Release|Win32
	EndGlobalSection
	GlobalSection(SolutionProperties) = preSolution
		HideSolutionNode = FALSE
	EndGlobalSection
	GlobalSection(ExtensibilityGlobals) = postSolution
		SolutionGuid = {31D8EFC1-64E9-40BC-BD99-02ED285AF2B9}
	EndGlobalSection
EndGlobal
